# This file is automatically @generated by Cargo.
# It is not intended for manual editing.
version = 4

[[package]]
name = "zerch-core"
version = "0.1.0"

[[package]]
name = "zerch-embed"
version = "0.1.0"

[[package]]
name = "zerch-engine"
version = "0.1.0"

[[package]]
name = "zerch-storage"
version = "0.1.0"
